// !$*UTF8*$!
{
	archiveVersion = 1;
	classes = {
	};
	objectVersion = 46;
	objects = {

/* Begin PBXBuildFile section */
		040C42BE1EF5235A00EB93D1 /* main.m in Sources */ = {isa = PBXBuildFile; fileRef = 040C42BD1EF5235A00EB93D1 /* main.m */; };
		040C42C11EF5235A00EB93D1 /* AppDelegate.m in Sources */ = {isa = PBXBuildFile; fileRef = 040C42C01EF5235A00EB93D1 /* AppDelegate.m */; };
		040C42C41EF5235A00EB93D1 /* ViewController.m in Sources */ = {isa = PBXBuildFile; fileRef = 040C42C31EF5235A00EB93D1 /* ViewController.m */; };
		040C42C71EF5235A00EB93D1 /* Main.storyboard in Resources */ = {isa = PBXBuildFile; fileRef = 040C42C51EF5235A00EB93D1 /* Main.storyboard */; };
		040C42C91EF5235A00EB93D1 /* Assets.xcassets in Resources */ = {isa = PBXBuildFile; fileRef = 040C42C81EF5235A00EB93D1 /* Assets.xcassets */; };
		040C42CC1EF5235A00EB93D1 /* LaunchScreen.storyboard in Resources */ = {isa = PBXBuildFile; fileRef = 040C42CA1EF5235A00EB93D1 /* LaunchScreen.storyboard */; };
		040C42D71EF5235A00EB93D1 /* App1706Tests.m in Sources */ = {isa = PBXBuildFile; fileRef = 040C42D61EF5235A00EB93D1 /* App1706Tests.m */; };
		040C42E21EF5235A00EB93D1 /* App1706UITests.m in Sources */ = {isa = PBXBuildFile; fileRef = 040C42E11EF5235A00EB93D1 /* App1706UITests.m */; };
		040C42F11EF523FC00EB93D1 /* Singleton.m in Sources */ = {isa = PBXBuildFile; fileRef = 040C42F01EF523FC00EB93D1 /* Singleton.m */; };
		0414F2A41EF52BA600C15508 /* Button.m in Sources */ = {isa = PBXBuildFile; fileRef = 0414F2A31EF52BA600C15508 /* Button.m */; };
		0414F2A71EF52DFE00C15508 /* DefaultButton.m in Sources */ = {isa = PBXBuildFile; fileRef = 0414F2A61EF52DFE00C15508 /* DefaultButton.m */; };
		0414F2AA1EF52E1400C15508 /* AddButton.m in Sources */ = {isa = PBXBuildFile; fileRef = 0414F2A91EF52E1400C15508 /* AddButton.m */; };
		0414F2AD1EF52E2B00C15508 /* RemoveButton.m in Sources */ = {isa = PBXBuildFile; fileRef = 0414F2AC1EF52E2B00C15508 /* RemoveButton.m */; };
		0414F2B01EF536EC00C15508 /* Observer.m in Sources */ = {isa = PBXBuildFile; fileRef = 0414F2AF1EF536EC00C15508 /* Observer.m */; };
/* End PBXBuildFile section */

/* Begin PBXContainerItemProxy section */
		040C42D31EF5235A00EB93D1 /* PBXContainerItemProxy */ = {
			isa = PBXContainerItemProxy;
			containerPortal = 040C42B11EF5235A00EB93D1 /* Project object */;
			proxyType = 1;
			remoteGlobalIDString = 040C42B81EF5235A00EB93D1;
			remoteInfo = App1706;
		};
		040C42DE1EF5235A00EB93D1 /* PBXContainerItemProxy */ = {
			isa = PBXContainerItemProxy;
			containerPortal = 040C42B11EF5235A00EB93D1 /* Project object */;
			proxyType = 1;
			remoteGlobalIDString = 040C42B81EF5235A00EB93D1;
			remoteInfo = App1706;
		};
/* End PBXContainerItemProxy section */

/* Begin PBXFileReference section */
		040C42B91EF5235A00EB93D1 /* App1706.app */ = {isa = PBXFileReference; explicitFileType = wrapper.application; includeInIndex = 0; path = App1706.app; sourceTree = BUILT_PRODUCTS_DIR; };
		040C42BD1EF5235A00EB93D1 /* main.m */ = {isa = PBXFileReference; lastKnownFileType = sourcecode.c.objc; path = main.m; sourceTree = "<group>"; };
		040C42BF1EF5235A00EB93D1 /* AppDelegate.h */ = {isa = PBXFileReference; lastKnownFileType = sourcecode.c.h; path = AppDelegate.h; sourceTree = "<group>"; };
		040C42C01EF5235A00EB93D1 /* AppDelegate.m */ = {isa = PBXFileReference; lastKnownFileType = sourcecode.c.objc; path = AppDelegate.m; sourceTree = "<group>"; };
		040C42C21EF5235A00EB93D1 /* ViewController.h */ = {isa = PBXFileReference; lastKnownFileType = sourcecode.c.h; path = ViewController.h; sourceTree = "<group>"; };
		040C42C31EF5235A00EB93D1 /* ViewController.m */ = {isa = PBXFileReference; lastKnownFileType = sourcecode.c.objc; path = ViewController.m; sourceTree = "<group>"; };
		040C42C61EF5235A00EB93D1 /* Base */ = {isa = PBXFileReference; lastKnownFileType = file.storyboard; name = Base; path = Base.lproj/Main.storyboard; sourceTree = "<group>"; };
		040C42C81EF5235A00EB93D1 /* Assets.xcassets */ = {isa = PBXFileReference; lastKnownFileType = folder.assetcatalog; path = Assets.xcassets; sourceTree = "<group>"; };
		040C42CB1EF5235A00EB93D1 /* Base */ = {isa = PBXFileReference; lastKnownFileType = file.storyboard; name = Base; path = Base.lproj/LaunchScreen.storyboard; sourceTree = "<group>"; };
		040C42CD1EF5235A00EB93D1 /* Info.plist */ = {isa = PBXFileReference; lastKnownFileType = text.plist.xml; path = Info.plist; sourceTree = "<group>"; };
		040C42D21EF5235A00EB93D1 /* App1706Tests.xctest */ = {isa = PBXFileReference; explicitFileType = wrapper.cfbundle; includeInIndex = 0; path = App1706Tests.xctest; sourceTree = BUILT_PRODUCTS_DIR; };
		040C42D61EF5235A00EB93D1 /* App1706Tests.m */ = {isa = PBXFileReference; lastKnownFileType = sourcecode.c.objc; path = App1706Tests.m; sourceTree = "<group>"; };
		040C42D81EF5235A00EB93D1 /* Info.plist */ = {isa = PBXFileReference; lastKnownFileType = text.plist.xml; path = Info.plist; sourceTree = "<group>"; };
		040C42DD1EF5235A00EB93D1 /* App1706UITests.xctest */ = {isa = PBXFileReference; explicitFileType = wrapper.cfbundle; includeInIndex = 0; path = App1706UITests.xctest; sourceTree = BUILT_PRODUCTS_DIR; };
		040C42E11EF5235A00EB93D1 /* App1706UITests.m */ = {isa = PBXFileReference; lastKnownFileType = sourcecode.c.objc; path = App1706UITests.m; sourceTree = "<group>"; };
		040C42E31EF5235A00EB93D1 /* Info.plist */ = {isa = PBXFileReference; lastKnownFileType = text.plist.xml; path = Info.plist; sourceTree = "<group>"; };
		040C42EF1EF523FC00EB93D1 /* Singleton.h */ = {isa = PBXFileReference; fileEncoding = 4; lastKnownFileType = sourcecode.c.h; name = Singleton.h; path = ../Singleton.h; sourceTree = "<group>"; };
		040C42F01EF523FC00EB93D1 /* Singleton.m */ = {isa = PBXFileReference; fileEncoding = 4; lastKnownFileType = sourcecode.c.objc; name = Singleton.m; path = ../Singleton.m; sourceTree = "<group>"; };
		0414F2A21EF52BA600C15508 /* Button.h */ = {isa = PBXFileReference; fileEncoding = 4; lastKnownFileType = sourcecode.c.h; path = Button.h; sourceTree = "<group>"; };
		0414F2A31EF52BA600C15508 /* Button.m */ = {isa = PBXFileReference; fileEncoding = 4; lastKnownFileType = sourcecode.c.objc; path = Button.m; sourceTree = "<group>"; };
		0414F2A51EF52DFE00C15508 /* DefaultButton.h */ = {isa = PBXFileReference; fileEncoding = 4; lastKnownFileType = sourcecode.c.h; path = DefaultButton.h; sourceTree = "<group>"; };
		0414F2A61EF52DFE00C15508 /* DefaultButton.m */ = {isa = PBXFileReference; fileEncoding = 4; lastKnownFileType = sourcecode.c.objc; path = DefaultButton.m; sourceTree = "<group>"; };
		0414F2A81EF52E1400C15508 /* AddButton.h */ = {isa = PBXFileReference; fileEncoding = 4; lastKnownFileType = sourcecode.c.h; path = AddButton.h; sourceTree = "<group>"; };
		0414F2A91EF52E1400C15508 /* AddButton.m */ = {isa = PBXFileReference; fileEncoding = 4; lastKnownFileType = sourcecode.c.objc; path = AddButton.m; sourceTree = "<group>"; };
		0414F2AB1EF52E2B00C15508 /* RemoveButton.h */ = {isa = PBXFileReference; fileEncoding = 4; lastKnownFileType = sourcecode.c.h; path = RemoveButton.h; sourceTree = "<group>"; };
		0414F2AC1EF52E2B00C15508 /* RemoveButton.m */ = {isa = PBXFileReference; fileEncoding = 4; lastKnownFileType = sourcecode.c.objc; path = RemoveButton.m; sourceTree = "<group>"; };
		0414F2AE1EF536EC00C15508 /* Observer.h */ = {isa = PBXFileReference; fileEncoding = 4; lastKnownFileType = sourcecode.c.h; path = Observer.h; sourceTree = "<group>"; };
		0414F2AF1EF536EC00C15508 /* Observer.m */ = {isa = PBXFileReference; fileEncoding = 4; lastKnownFileType = sourcecode.c.objc; path = Observer.m; sourceTree = "<group>"; };
/* End PBXFileReference section */

/* Begin PBXFrameworksBuildPhase section */
		040C42B61EF5235A00EB93D1 /* Frameworks */ = {
			isa = PBXFrameworksBuildPhase;
			buildActionMask = 2147483647;
			files = (
			);
			runOnlyForDeploymentPostprocessing = 0;
		};
		040C42CF1EF5235A00EB93D1 /* Frameworks */ = {
			isa = PBXFrameworksBuildPhase;
			buildActionMask = 2147483647;
			files = (
			);
			runOnlyForDeploymentPostprocessing = 0;
		};
		040C42DA1EF5235A00EB93D1 /* Frameworks */ = {
			isa = PBXFrameworksBuildPhase;
			buildActionMask = 2147483647;
			files = (
			);
			runOnlyForDeploymentPostprocessing = 0;
		};
/* End PBXFrameworksBuildPhase section */

/* Begin PBXGroup section */
		040C42B01EF5235A00EB93D1 = {
			isa = PBXGroup;
			children = (
				040C42BB1EF5235A00EB93D1 /* App1706 */,
				040C42D51EF5235A00EB93D1 /* App1706Tests */,
				040C42E01EF5235A00EB93D1 /* App1706UITests */,
				040C42BA1EF5235A00EB93D1 /* Products */,
			);
			sourceTree = "<group>";
		};
		040C42BA1EF5235A00EB93D1 /* Products */ = {
			isa = PBXGroup;
			children = (
				040C42B91EF5235A00EB93D1 /* App1706.app */,
				040C42D21EF5235A00EB93D1 /* App1706Tests.xctest */,
				040C42DD1EF5235A00EB93D1 /* App1706UITests.xctest */,
			);
			name = Products;
			sourceTree = "<group>";
		};
		040C42BB1EF5235A00EB93D1 /* App1706 */ = {
			isa = PBXGroup;
			children = (
				0414F2B11EF5384E00C15508 /* Buttons */,
				0414F2A21EF52BA600C15508 /* Button.h */,
				0414F2A31EF52BA600C15508 /* Button.m */,
				040C42EF1EF523FC00EB93D1 /* Singleton.h */,
				040C42F01EF523FC00EB93D1 /* Singleton.m */,
				0414F2AE1EF536EC00C15508 /* Observer.h */,
				0414F2AF1EF536EC00C15508 /* Observer.m */,
				040C42BF1EF5235A00EB93D1 /* AppDelegate.h */,
				040C42C01EF5235A00EB93D1 /* AppDelegate.m */,
				040C42C21EF5235A00EB93D1 /* ViewController.h */,
				040C42C31EF5235A00EB93D1 /* ViewController.m */,
				040C42C51EF5235A00EB93D1 /* Main.storyboard */,
				040C42C81EF5235A00EB93D1 /* Assets.xcassets */,
				040C42CA1EF5235A00EB93D1 /* LaunchScreen.storyboard */,
				040C42CD1EF5235A00EB93D1 /* Info.plist */,
				040C42BC1EF5235A00EB93D1 /* Supporting Files */,
			);
			path = App1706;
			sourceTree = "<group>";
		};
		040C42BC1EF5235A00EB93D1 /* Supporting Files */ = {
			isa = PBXGroup;
			children = (
				040C42BD1EF5235A00EB93D1 /* main.m */,
			);
			name = "Supporting Files";
			sourceTree = "<group>";
		};
		040C42D51EF5235A00EB93D1 /* App1706Tests */ = {
			isa = PBXGroup;
			children = (
				040C42D61EF5235A00EB93D1 /* App1706Tests.m */,
				040C42D81EF5235A00EB93D1 /* Info.plist */,
			);
			path = App1706Tests;
			sourceTree = "<group>";
		};
		040C42E01EF5235A00EB93D1 /* App1706UITests */ = {
			isa = PBXGroup;
			children = (
				040C42E11EF5235A00EB93D1 /* App1706UITests.m */,
				040C42E31EF5235A00EB93D1 /* Info.plist */,
			);
			path = App1706UITests;
			sourceTree = "<group>";
		};
		0414F2B11EF5384E00C15508 /* Buttons */ = {
			isa = PBXGroup;
			children = (
				0414F2A51EF52DFE00C15508 /* DefaultButton.h */,
				0414F2A61EF52DFE00C15508 /* DefaultButton.m */,
				0414F2A81EF52E1400C15508 /* AddButton.h */,
				0414F2A91EF52E1400C15508 /* AddButton.m */,
				0414F2AB1EF52E2B00C15508 /* RemoveButton.h */,
				0414F2AC1EF52E2B00C15508 /* RemoveButton.m */,
			);
			name = Buttons;
			sourceTree = "<group>";
		};
/* End PBXGroup section */

/* Begin PBXNativeTarget section */
		040C42B81EF5235A00EB93D1 /* App1706 */ = {
			isa = PBXNativeTarget;
			buildConfigurationList = 040C42E61EF5235A00EB93D1 /* Build configuration list for PBXNativeTarget "App1706" */;
			buildPhases = (
				040C42B51EF5235A00EB93D1 /* Sources */,
				040C42B61EF5235A00EB93D1 /* Frameworks */,
				040C42B71EF5235A00EB93D1 /* Resources */,
			);
			buildRules = (
			);
			dependencies = (
			);
			name = App1706;
			productName = App1706;
			productReference = 040C42B91EF5235A00EB93D1 /* App1706.app */;
			productType = "com.apple.product-type.application";
		};
		040C42D11EF5235A00EB93D1 /* App1706Tests */ = {
			isa = PBXNativeTarget;
			buildConfigurationList = 040C42E91EF5235A00EB93D1 /* Build configuration list for PBXNativeTarget "App1706Tests" */;
			buildPhases = (
				040C42CE1EF5235A00EB93D1 /* Sources */,
				040C42CF1EF5235A00EB93D1 /* Frameworks */,
				040C42D01EF5235A00EB93D1 /* Resources */,
			);
			buildRules = (
			);
			dependencies = (
				040C42D41EF5235A00EB93D1 /* PBXTargetDependency */,
			);
			name = App1706Tests;
			productName = App1706Tests;
			productReference = 040C42D21EF5235A00EB93D1 /* App1706Tests.xctest */;
			productType = "com.apple.product-type.bundle.unit-test";
		};
		040C42DC1EF5235A00EB93D1 /* App1706UITests */ = {
			isa = PBXNativeTarget;
			buildConfigurationList = 040C42EC1EF5235A00EB93D1 /* Build configuration list for PBXNativeTarget "App1706UITests" */;
			buildPhases = (
				040C42D91EF5235A00EB93D1 /* Sources */,
				040C42DA1EF5235A00EB93D1 /* Frameworks */,
				040C42DB1EF5235A00EB93D1 /* Resources */,
			);
			buildRules = (
			);
			dependencies = (
				040C42DF1EF5235A00EB93D1 /* PBXTargetDependency */,
			);
			name = App1706UITests;
			productName = App1706UITests;
			productReference = 040C42DD1EF5235A00EB93D1 /* App1706UITests.xctest */;
			productType = "com.apple.product-type.bundle.ui-testing";
		};
/* End PBXNativeTarget section */

/* Begin PBXProject section */
		040C42B11EF5235A00EB93D1 /* Project object */ = {
			isa = PBXProject;
			attributes = {
				LastUpgradeCheck = 0820;
				ORGANIZATIONNAME = Learning;
				TargetAttributes = {
					040C42B81EF5235A00EB93D1 = {
						CreatedOnToolsVersion = 8.2.1;
						ProvisioningStyle = Automatic;
					};
					040C42D11EF5235A00EB93D1 = {
						CreatedOnToolsVersion = 8.2.1;
						ProvisioningStyle = Automatic;
						TestTargetID = 040C42B81EF5235A00EB93D1;
					};
					040C42DC1EF5235A00EB93D1 = {
						CreatedOnToolsVersion = 8.2.1;
						ProvisioningStyle = Automatic;
						TestTargetID = 040C42B81EF5235A00EB93D1;
					};
				};
			};
			buildConfigurationList = 040C42B41EF5235A00EB93D1 /* Build configuration list for PBXProject "App1706" */;
			compatibilityVersion = "Xcode 3.2";
			developmentRegion = English;
			hasScannedForEncodings = 0;
			knownRegions = (
				en,
				Base,
			);
			mainGroup = 040C42B01EF5235A00EB93D1;
			productRefGroup = 040C42BA1EF5235A00EB93D1 /* Products */;
			projectDirPath = "";
			projectRoot = "";
			targets = (
				040C42B81EF5235A00EB93D1 /* App1706 */,
				040C42D11EF5235A00EB93D1 /* App1706Tests */,
				040C42DC1EF5235A00EB93D1 /* App1706UITests */,
			);
		};
/* End PBXProject section */

/* Begin PBXResourcesBuildPhase section */
		040C42B71EF5235A00EB93D1 /* Resources */ = {
			isa = PBXResourcesBuildPhase;
			buildActionMask = 2147483647;
			files = (
				040C42CC1EF5235A00EB93D1 /* LaunchScreen.storyboard in Resources */,
				040C42C91EF5235A00EB93D1 /* Assets.xcassets in Resources */,
				040C42C71EF5235A00EB93D1 /* Main.storyboard in Resources */,
			);
			runOnlyForDeploymentPostprocessing = 0;
		};
		040C42D01EF5235A00EB93D1 /* Resources */ = {
			isa = PBXResourcesBuildPhase;
			buildActionMask = 2147483647;
			files = (
			);
			runOnlyForDeploymentPostprocessing = 0;
		};
		040C42DB1EF5235A00EB93D1 /* Resources */ = {
			isa = PBXResourcesBuildPhase;
			buildActionMask = 2147483647;
			files = (
			);
			runOnlyForDeploymentPostprocessing = 0;
		};
/* End PBXResourcesBuildPhase section */

/* Begin PBXSourcesBuildPhase section */
		040C42B51EF5235A00EB93D1 /* Sources */ = {
			isa = PBXSourcesBuildPhase;
			buildActionMask = 2147483647;
			files = (
				040C42C41EF5235A00EB93D1 /* ViewController.m in Sources */,
				040C42C11EF5235A00EB93D1 /* AppDelegate.m in Sources */,
				0414F2AA1EF52E1400C15508 /* AddButton.m in Sources */,
				0414F2B01EF536EC00C15508 /* Observer.m in Sources */,
				0414F2AD1EF52E2B00C15508 /* RemoveButton.m in Sources */,
				0414F2A41EF52BA600C15508 /* Button.m in Sources */,
				0414F2A71EF52DFE00C15508 /* DefaultButton.m in Sources */,
				040C42BE1EF5235A00EB93D1 /* main.m in Sources */,
				040C42F11EF523FC00EB93D1 /* Singleton.m in Sources */,
			);
			runOnlyForDeploymentPostprocessing = 0;
		};
		040C42CE1EF5235A00EB93D1 /* Sources */ = {
			isa = PBXSourcesBuildPhase;
			buildActionMask = 2147483647;
			files = (
				040C42D71EF5235A00EB93D1 /* App1706Tests.m in Sources */,
			);
			runOnlyForDeploymentPostprocessing = 0;
		};
		040C42D91EF5235A00EB93D1 /* Sources */ = {
			isa = PBXSourcesBuildPhase;
			buildActionMask = 2147483647;
			files = (
				040C42E21EF5235A00EB93D1 /* App1706UITests.m in Sources */,
			);
			runOnlyForDeploymentPostprocessing = 0;
		};
/* End PBXSourcesBuildPhase section */

/* Begin PBXTargetDependency section */
		040C42D41EF5235A00EB93D1 /* PBXTargetDependency */ = {
			isa = PBXTargetDependency;
			target = 040C42B81EF5235A00EB93D1 /* App1706 */;
			targetProxy = 040C42D31EF5235A00EB93D1 /* PBXContainerItemProxy */;
		};
		040C42DF1EF5235A00EB93D1 /* PBXTargetDependency */ = {
			isa = PBXTargetDependency;
			target = 040C42B81EF5235A00EB93D1 /* App1706 */;
			targetProxy = 040C42DE1EF5235A00EB93D1 /* PBXContainerItemProxy */;
		};
/* End PBXTargetDependency section */

/* Begin PBXVariantGroup section */
		040C42C51EF5235A00EB93D1 /* Main.storyboard */ = {
			isa = PBXVariantGroup;
			children = (
				040C42C61EF5235A00EB93D1 /* Base */,
			);
			name = Main.storyboard;
			sourceTree = "<group>";
		};
		040C42CA1EF5235A00EB93D1 /* LaunchScreen.storyboard */ = {
			isa = PBXVariantGroup;
			children = (
				040C42CB1EF5235A00EB93D1 /* Base */,
			);
			name = LaunchScreen.storyboard;
			sourceTree = "<group>";
		};
/* End PBXVariantGroup section */

/* Begin XCBuildConfiguration section */
		040C42E41EF5235A00EB93D1 /* Debug */ = {
			isa = XCBuildConfiguration;
			buildSettings = {
				ALWAYS_SEARCH_USER_PATHS = NO;
				CLANG_ANALYZER_NONNULL = YES;
				CLANG_CXX_LANGUAGE_STANDARD = "gnu++0x";
				CLANG_CXX_LIBRARY = "libc++";
				CLANG_ENABLE_MODULES = YES;
				CLANG_ENABLE_OBJC_ARC = YES;
				CLANG_WARN_BOOL_CONVERSION = YES;
				CLANG_WARN_CONSTANT_CONVERSION = YES;
				CLANG_WARN_DIRECT_OBJC_ISA_USAGE = YES_ERROR;
				CLANG_WARN_DOCUMENTATION_COMMENTS = YES;
				CLANG_WARN_EMPTY_BODY = YES;
				CLANG_WARN_ENUM_CONVERSION = YES;
				CLANG_WARN_INFINITE_RECURSION = YES;
				CLANG_WARN_INT_CONVERSION = YES;
				CLANG_WARN_OBJC_ROOT_CLASS = YES_ERROR;
				CLANG_WARN_SUSPICIOUS_MOVE = YES;
				CLANG_WARN_UNREACHABLE_CODE = YES;
				CLANG_WARN__DUPLICATE_METHOD_MATCH = YES;
				"CODE_SIGN_IDENTITY[sdk=iphoneos*]" = "iPhone Developer";
				COPY_PHASE_STRIP = NO;
				DEBUG_INFORMATION_FORMAT = dwarf;
				ENABLE_STRICT_OBJC_MSGSEND = YES;
				ENABLE_TESTABILITY = YES;
				GCC_C_LANGUAGE_STANDARD = gnu99;
				GCC_DYNAMIC_NO_PIC = NO;
				GCC_NO_COMMON_BLOCKS = YES;
				GCC_OPTIMIZATION_LEVEL = 0;
				GCC_PREPROCESSOR_DEFINITIONS = (
					"DEBUG=1",
					"$(inherited)",
				);
				GCC_WARN_64_TO_32_BIT_CONVERSION = YES;
				GCC_WARN_ABOUT_RETURN_TYPE = YES_ERROR;
				GCC_WARN_UNDECLARED_SELECTOR = YES;
				GCC_WARN_UNINITIALIZED_AUTOS = YES_AGGRESSIVE;
				GCC_WARN_UNUSED_FUNCTION = YES;
				GCC_WARN_UNUSED_VARIABLE = YES;
				IPHONEOS_DEPLOYMENT_TARGET = 10.2;
				MTL_ENABLE_DEBUG_INFO = YES;
				ONLY_ACTIVE_ARCH = YES;
				SDKROOT = iphoneos;
				TARGETED_DEVICE_FAMILY = "1,2";
			};
			name = Debug;
		};
		040C42E51EF5235A00EB93D1 /* Release */ = {
			isa = XCBuildConfiguration;
			buildSettings = {
				ALWAYS_SEARCH_USER_PATHS = NO;
				CLANG_ANALYZER_NONNULL = YES;
				CLANG_CXX_LANGUAGE_STANDARD = "gnu++0x";
				CLANG_CXX_LIBRARY = "libc++";
				CLANG_ENABLE_MODULES = YES;
				CLANG_ENABLE_OBJC_ARC = YES;
				CLANG_WARN_BOOL_CONVERSION = YES;
				CLANG_WARN_CONSTANT_CONVERSION = YES;
				CLANG_WARN_DIRECT_OBJC_ISA_USAGE = YES_ERROR;
				CLANG_WARN_DOCUMENTATION_COMMENTS = YES;
				CLANG_WARN_EMPTY_BODY = YES;
				CLANG_WARN_ENUM_CONVERSION = YES;
				CLANG_WARN_INFINITE_RECURSION = YES;
				CLANG_WARN_INT_CONVERSION = YES;
				CLANG_WARN_OBJC_ROOT_CLASS = YES_ERROR;
				CLANG_WARN_SUSPICIOUS_MOVE = YES;
				CLANG_WARN_UNREACHABLE_CODE = YES;
				CLANG_WARN__DUPLICATE_METHOD_MATCH = YES;
				"CODE_SIGN_IDENTITY[sdk=iphoneos*]" = "iPhone Developer";
				COPY_PHASE_STRIP = NO;
				DEBUG_INFORMATION_FORMAT = "dwarf-with-dsym";
				ENABLE_NS_ASSERTIONS = NO;
				ENABLE_STRICT_OBJC_MSGSEND = YES;
				GCC_C_LANGUAGE_STANDARD = gnu99;
				GCC_NO_COMMON_BLOCKS = YES;
				GCC_WARN_64_TO_32_BIT_CONVERSION = YES;
				GCC_WARN_ABOUT_RETURN_TYPE = YES_ERROR;
				GCC_WARN_UNDECLARED_SELECTOR = YES;
				GCC_WARN_UNINITIALIZED_AUTOS = YES_AGGRESSIVE;
				GCC_WARN_UNUSED_FUNCTION = YES;
				GCC_WARN_UNUSED_VARIABLE = YES;
				IPHONEOS_DEPLOYMENT_TARGET = 10.2;
				MTL_ENABLE_DEBUG_INFO = NO;
				SDKROOT = iphoneos;
				TARGETED_DEVICE_FAMILY = "1,2";
				VALIDATE_PRODUCT = YES;
			};
			name = Release;
		};
		040C42E71EF5235A00EB93D1 /* Debug */ = {
			isa = XCBuildConfiguration;
			buildSettings = {
				ASSETCATALOG_COMPILER_APPICON_NAME = AppIcon;
				INFOPLIST_FILE = App1706/Info.plist;
				LD_RUNPATH_SEARCH_PATHS = "$(inherited) @executable_path/Frameworks";
				PRODUCT_BUNDLE_IDENTIFIER = com.ilbo.App1706;
				PRODUCT_NAME = "$(TARGET_NAME)";
			};
			name = Debug;
		};
		040C42E81EF5235A00EB93D1 /* Release */ = {
			isa = XCBuildConfiguration;
			buildSettings = {
				ASSETCATALOG_COMPILER_APPICON_NAME = AppIcon;
				INFOPLIST_FILE = App1706/Info.plist;
				LD_RUNPATH_SEARCH_PATHS = "$(inherited) @executable_path/Frameworks";
				PRODUCT_BUNDLE_IDENTIFIER = com.ilbo.App1706;
				PRODUCT_NAME = "$(TARGET_NAME)";
			};
			name = Release;
		};
		040C42EA1EF5235A00EB93D1 /* Debug */ = {
			isa = XCBuildConfiguration;
			buildSettings = {
				BUNDLE_LOADER = "$(TEST_HOST)";
				INFOPLIST_FILE = App1706Tests/Info.plist;
				LD_RUNPATH_SEARCH_PATHS = "$(inherited) @executable_path/Frameworks @loader_path/Frameworks";
				PRODUCT_BUNDLE_IDENTIFIER = com.ilbo.App1706Tests;
				PRODUCT_NAME = "$(TARGET_NAME)";
				TEST_HOST = "$(BUILT_PRODUCTS_DIR)/App1706.app/App1706";
			};
			name = Debug;
		};
		040C42EB1EF5235A00EB93D1 /* Release */ = {
			isa = XCBuildConfiguration;
			buildSettings = {
				BUNDLE_LOADER = "$(TEST_HOST)";
				INFOPLIST_FILE = App1706Tests/Info.plist;
				LD_RUNPATH_SEARCH_PATHS = "$(inherited) @executable_path/Frameworks @loader_path/Frameworks";
				PRODUCT_BUNDLE_IDENTIFIER = com.ilbo.App1706Tests;
				PRODUCT_NAME = "$(TARGET_NAME)";
				TEST_HOST = "$(BUILT_PRODUCTS_DIR)/App1706.app/App1706";
			};
			name = Release;
		};
		040C42ED1EF5235A00EB93D1 /* Debug */ = {
			isa = XCBuildConfiguration;
			buildSettings = {
				INFOPLIST_FILE = App1706UITests/Info.plist;
				LD_RUNPATH_SEARCH_PATHS = "$(inherited) @executable_path/Frameworks @loader_path/Frameworks";
				PRODUCT_BUNDLE_IDENTIFIER = com.ilbo.App1706UITests;
				PRODUCT_NAME = "$(TARGET_NAME)";
				TEST_TARGET_NAME = App1706;
			};
			name = Debug;
		};
		040C42EE1EF5235A00EB93D1 /* Release */ = {
			isa = XCBuildConfiguration;
			buildSettings = {
				INFOPLIST_FILE = App1706UITests/Info.plist;
				LD_RUNPATH_SEARCH_PATHS = "$(inherited) @executable_path/Frameworks @loader_path/Frameworks";
				PRODUCT_BUNDLE_IDENTIFIER = com.ilbo.App1706UITests;
				PRODUCT_NAME = "$(TARGET_NAME)";
				TEST_TARGET_NAME = App1706;
			};
			name = Release;
		};
/* End XCBuildConfiguration section */

/* Begin XCConfigurationList section */
		040C42B41EF5235A00EB93D1 /* Build configuration list for PBXProject "App1706" */ = {
			isa = XCConfigurationList;
			buildConfigurations = (
				040C42E41EF5235A00EB93D1 /* Debug */,
				040C42E51EF5235A00EB93D1 /* Release */,
			);
			defaultConfigurationIsVisible = 0;
			defaultConfigurationName = Release;
		};
		040C42E61EF5235A00EB93D1 /* Build configuration list for PBXNativeTarget "App1706" */ = {
			isa = XCConfigurationList;
			buildConfigurations = (
				040C42E71EF5235A00EB93D1 /* Debug */,
				040C42E81EF5235A00EB93D1 /* Release */,
			);
			defaultConfigurationIsVisible = 0;
			defaultConfigurationName = Release;
		};
		040C42E91EF5235A00EB93D1 /* Build configuration list for PBXNativeTarget "App1706Tests" */ = {
			isa = XCConfigurationList;
			buildConfigurations = (
				040C42EA1EF5235A00EB93D1 /* Debug */,
				040C42EB1EF5235A00EB93D1 /* Release */,
			);
			defaultConfigurationIsVisible = 0;
			defaultConfigurationName = Release;
		};
		040C42EC1EF5235A00EB93D1 /* Build configuration list for PBXNativeTarget "App1706UITests" */ = {
			isa = XCConfigurationList;
			buildConfigurations = (
				040C42ED1EF5235A00EB93D1 /* Debug */,
				040C42EE1EF5235A00EB93D1 /* Release */,
			);
			defaultConfigurationIsVisible = 0;
			defaultConfigurationName = Release;
		};
/* End XCConfigurationList section */
	};
	rootObject = 040C42B11EF5235A00EB93D1 /* Project object */;
}
